
Microsoft Visual Studio Solution File, Format Version 12.00
# Visual Studio 15
VisualStudioVersion = 15.0.27004.2005
MinimumVisualStudioVersion = 10.0.40219.1
Project("{F184B08F-C81C-45F6-A57F-5ABD9991F28F}") = "XML", "XML\XML.vbproj", "{A8BEA9E9-430F-4E1D-9F5A-7EB930A5E3A2}"
EndProject
Global
	GlobalSection(SolutionConfigurationPlatforms) = preSolution
		Debug|Any CPU = Debug|Any CPU
		Release|Any CPU = Release|Any CPU
	EndGlobalSection
	GlobalSection(ProjectConfigurationPlatforms) = postSolution
		{A8BEA9E9-430F-4E1D-9F5A-7EB930A5E3A2}.Debug|Any CPU.ActiveCfg = Debug|Any CPU
		{A8BEA9E9-430F-4E1D-9F5A-7EB930A5E3A2}.Debug|Any CPU.Build.0 = Debug|Any CPU
		{A8BEA9E9-430F-4E1D-9F5A-7EB930A5E3A2}.Release|Any CPU.ActiveCfg = Release|Any CPU
		{A8BEA9E9-430F-4E1D-9F5A-7EB930A5E3A2}.Release|Any CPU.Build.0 = Release|Any CPU
	EndGlobalSection
	GlobalSection(SolutionProperties) = preSolution
		HideSolutionNode = FALSE
	EndGlobalSection
	GlobalSection(ExtensibilityGlobals) = postSolution
		SolutionGuid = {DAD49289-6984-452A-8450-4626E400E7D5}
	EndGlobalSection
EndGlobal
