
Microsoft Visual Studio Solution File, Format Version 12.00
# Visual Studio 14
VisualStudioVersion = 14.0.25420.1
MinimumVisualStudioVersion = 10.0.40219.1
Project("{FAE04EC0-301F-11D3-BF4B-00C04F79EFBC}") = "Stumasys.Web", "Stumasys.Web\Stumasys.Web.csproj", "{391F8720-76E5-4144-959C-44F2B39A38AD}"
EndProject
Project("{FAE04EC0-301F-11D3-BF4B-00C04F79EFBC}") = "Stumasys.Model", "Stumasys.Model\Stumasys.Model.csproj", "{533AE42A-E500-483F-80D9-F3C57CB59619}"
EndProject
Global
	GlobalSection(SolutionConfigurationPlatforms) = preSolution
		Debug|Any CPU = Debug|Any CPU
		Release|Any CPU = Release|Any CPU
	EndGlobalSection
	GlobalSection(ProjectConfigurationPlatforms) = postSolution
		{391F8720-76E5-4144-959C-44F2B39A38AD}.Debug|Any CPU.ActiveCfg = Debug|Any CPU
		{391F8720-76E5-4144-959C-44F2B39A38AD}.Debug|Any CPU.Build.0 = Debug|Any CPU
		{391F8720-76E5-4144-959C-44F2B39A38AD}.Release|Any CPU.ActiveCfg = Release|Any CPU
		{391F8720-76E5-4144-959C-44F2B39A38AD}.Release|Any CPU.Build.0 = Release|Any CPU
		{533AE42A-E500-483F-80D9-F3C57CB59619}.Debug|Any CPU.ActiveCfg = Debug|Any CPU
		{533AE42A-E500-483F-80D9-F3C57CB59619}.Debug|Any CPU.Build.0 = Debug|Any CPU
		{533AE42A-E500-483F-80D9-F3C57CB59619}.Release|Any CPU.ActiveCfg = Release|Any CPU
		{533AE42A-E500-483F-80D9-F3C57CB59619}.Release|Any CPU.Build.0 = Release|Any CPU
	EndGlobalSection
	GlobalSection(SolutionProperties) = preSolution
		HideSolutionNode = FALSE
	EndGlobalSection
EndGlobal
