
Microsoft Visual Studio Solution File, Format Version 12.00
# Visual Studio 14
VisualStudioVersion = 14.0.25420.1
MinimumVisualStudioVersion = 10.0.40219.1
Project("{FAE04EC0-301F-11D3-BF4B-00C04F79EFBC}") = "MvcMusicStore.Web", "MvcMusicStore.Web\MvcMusicStore.Web.csproj", "{0C4A6349-1EF1-48F9-9050-5184F4620480}"
EndProject
Project("{FAE04EC0-301F-11D3-BF4B-00C04F79EFBC}") = "MvcMusicStore.Web.Tests", "MvcMusicStore.Web.Tests\MvcMusicStore.Web.Tests.csproj", "{9DFB7B63-8D0C-46E0-914D-005DC6232635}"
EndProject
Global
	GlobalSection(SolutionConfigurationPlatforms) = preSolution
		Debug|Any CPU = Debug|Any CPU
		Release|Any CPU = Release|Any CPU
	EndGlobalSection
	GlobalSection(ProjectConfigurationPlatforms) = postSolution
		{0C4A6349-1EF1-48F9-9050-5184F4620480}.Debug|Any CPU.ActiveCfg = Debug|Any CPU
		{0C4A6349-1EF1-48F9-9050-5184F4620480}.Debug|Any CPU.Build.0 = Debug|Any CPU
		{0C4A6349-1EF1-48F9-9050-5184F4620480}.Release|Any CPU.ActiveCfg = Release|Any CPU
		{0C4A6349-1EF1-48F9-9050-5184F4620480}.Release|Any CPU.Build.0 = Release|Any CPU
		{9DFB7B63-8D0C-46E0-914D-005DC6232635}.Debug|Any CPU.ActiveCfg = Debug|Any CPU
		{9DFB7B63-8D0C-46E0-914D-005DC6232635}.Debug|Any CPU.Build.0 = Debug|Any CPU
		{9DFB7B63-8D0C-46E0-914D-005DC6232635}.Release|Any CPU.ActiveCfg = Release|Any CPU
		{9DFB7B63-8D0C-46E0-914D-005DC6232635}.Release|Any CPU.Build.0 = Release|Any CPU
	EndGlobalSection
	GlobalSection(SolutionProperties) = preSolution
		HideSolutionNode = FALSE
	EndGlobalSection
EndGlobal
