
Microsoft Visual Studio Solution File, Format Version 12.00
# Visual Studio 15
VisualStudioVersion = 15.0.27004.2005
MinimumVisualStudioVersion = 10.0.40219.1
Project("{FAE04EC0-301F-11D3-BF4B-00C04F79EFBC}") = "DI.EjemploSoldado.ConsoleApp", "DI.EjemploSoldado.ConsoleApp\DI.EjemploSoldado.ConsoleApp.csproj", "{5F047DE0-A778-49F6-B277-C4C9A59A0181}"
EndProject
Project("{FAE04EC0-301F-11D3-BF4B-00C04F79EFBC}") = "DI.EjemploSoldado.Core", "DI.EjemploSoldado.Core\DI.EjemploSoldado.Core.csproj", "{30BC08E4-C729-4CFA-B4CB-3863EE9F9723}"
EndProject
Global
	GlobalSection(SolutionConfigurationPlatforms) = preSolution
		Debug|Any CPU = Debug|Any CPU
		Release|Any CPU = Release|Any CPU
	EndGlobalSection
	GlobalSection(ProjectConfigurationPlatforms) = postSolution
		{5F047DE0-A778-49F6-B277-C4C9A59A0181}.Debug|Any CPU.ActiveCfg = Debug|Any CPU
		{5F047DE0-A778-49F6-B277-C4C9A59A0181}.Debug|Any CPU.Build.0 = Debug|Any CPU
		{5F047DE0-A778-49F6-B277-C4C9A59A0181}.Release|Any CPU.ActiveCfg = Release|Any CPU
		{5F047DE0-A778-49F6-B277-C4C9A59A0181}.Release|Any CPU.Build.0 = Release|Any CPU
		{30BC08E4-C729-4CFA-B4CB-3863EE9F9723}.Debug|Any CPU.ActiveCfg = Debug|Any CPU
		{30BC08E4-C729-4CFA-B4CB-3863EE9F9723}.Debug|Any CPU.Build.0 = Debug|Any CPU
		{30BC08E4-C729-4CFA-B4CB-3863EE9F9723}.Release|Any CPU.ActiveCfg = Release|Any CPU
		{30BC08E4-C729-4CFA-B4CB-3863EE9F9723}.Release|Any CPU.Build.0 = Release|Any CPU
	EndGlobalSection
	GlobalSection(SolutionProperties) = preSolution
		HideSolutionNode = FALSE
	EndGlobalSection
	GlobalSection(ExtensibilityGlobals) = postSolution
		SolutionGuid = {CF87EE9F-B6AC-4B7F-A6A0-72B8B2FE2D39}
	EndGlobalSection
EndGlobal
